// !$*UTF8*$!
{
	archiveVersion = 1;
	classes = {
	};
	objectVersion = 46;
	objects = {

/* Begin PBXBuildFile section */
		BA99536E1BB481DE00053672 /* main.m in Sources */ = {isa = PBXBuildFile; fileRef = BA99536D1BB481DE00053672 /* main.m */; };
		BA9953711BB481DE00053672 /* AppDelegate.m in Sources */ = {isa = PBXBuildFile; fileRef = BA9953701BB481DE00053672 /* AppDelegate.m */; };
		BA9953741BB481DE00053672 /* XYRViewController.m in Sources */ = {isa = PBXBuildFile; fileRef = BA9953731BB481DE00053672 /* XYRViewController.m */; };
		BA9953771BB481DE00053672 /* Main.storyboard in Resources */ = {isa = PBXBuildFile; fileRef = BA9953751BB481DE00053672 /* Main.storyboard */; };
		BA9953791BB481DE00053672 /* Assets.xcassets in Resources */ = {isa = PBXBuildFile; fileRef = BA9953781BB481DE00053672 /* Assets.xcassets */; };
		BA9953851BB489C600053672 /* XYRGameWorldCell.m in Sources */ = {isa = PBXBuildFile; fileRef = BA9953841BB489C600053672 /* XYRGameWorldCell.m */; settings = {ASSET_TAGS = (); }; };
		BA9953871BB48DA700053672 /* Launch Screen.storyboard in Resources */ = {isa = PBXBuildFile; fileRef = BA9953861BB48DA700053672 /* Launch Screen.storyboard */; settings = {ASSET_TAGS = (); }; };
		BA99538A1BB48E7900053672 /* XYRWorldModel.m in Sources */ = {isa = PBXBuildFile; fileRef = BA9953891BB48E7900053672 /* XYRWorldModel.m */; settings = {ASSET_TAGS = (); }; };
		BA99538D1BB4921F00053672 /* XYRRequestManager.m in Sources */ = {isa = PBXBuildFile; fileRef = BA99538C1BB4921F00053672 /* XYRRequestManager.m */; settings = {ASSET_TAGS = (); }; };
/* End PBXBuildFile section */

/* Begin PBXFileReference section */
		BA9953691BB481DE00053672 /* XYRGameWorlds.app */ = {isa = PBXFileReference; explicitFileType = wrapper.application; includeInIndex = 0; path = XYRGameWorlds.app; sourceTree = BUILT_PRODUCTS_DIR; };
		BA99536D1BB481DE00053672 /* main.m */ = {isa = PBXFileReference; lastKnownFileType = sourcecode.c.objc; path = main.m; sourceTree = "<group>"; };
		BA99536F1BB481DE00053672 /* AppDelegate.h */ = {isa = PBXFileReference; lastKnownFileType = sourcecode.c.h; path = AppDelegate.h; sourceTree = "<group>"; };
		BA9953701BB481DE00053672 /* AppDelegate.m */ = {isa = PBXFileReference; lastKnownFileType = sourcecode.c.objc; path = AppDelegate.m; sourceTree = "<group>"; };
		BA9953721BB481DE00053672 /* XYRViewController.h */ = {isa = PBXFileReference; lastKnownFileType = sourcecode.c.h; path = XYRViewController.h; sourceTree = "<group>"; };
		BA9953731BB481DE00053672 /* XYRViewController.m */ = {isa = PBXFileReference; lastKnownFileType = sourcecode.c.objc; path = XYRViewController.m; sourceTree = "<group>"; };
		BA9953761BB481DE00053672 /* Base */ = {isa = PBXFileReference; lastKnownFileType = file.storyboard; name = Base; path = Base.lproj/Main.storyboard; sourceTree = "<group>"; };
		BA9953781BB481DE00053672 /* Assets.xcassets */ = {isa = PBXFileReference; lastKnownFileType = folder.assetcatalog; path = Assets.xcassets; sourceTree = "<group>"; };
		BA99537D1BB481DE00053672 /* Info.plist */ = {isa = PBXFileReference; lastKnownFileType = text.plist.xml; path = Info.plist; sourceTree = "<group>"; };
		BA9953831BB489C600053672 /* XYRGameWorldCell.h */ = {isa = PBXFileReference; fileEncoding = 4; lastKnownFileType = sourcecode.c.h; path = XYRGameWorldCell.h; sourceTree = "<group>"; };
		BA9953841BB489C600053672 /* XYRGameWorldCell.m */ = {isa = PBXFileReference; fileEncoding = 4; lastKnownFileType = sourcecode.c.objc; path = XYRGameWorldCell.m; sourceTree = "<group>"; };
		BA9953861BB48DA700053672 /* Launch Screen.storyboard */ = {isa = PBXFileReference; fileEncoding = 4; lastKnownFileType = file.storyboard; path = "Launch Screen.storyboard"; sourceTree = "<group>"; };
		BA9953881BB48E7900053672 /* XYRWorldModel.h */ = {isa = PBXFileReference; fileEncoding = 4; lastKnownFileType = sourcecode.c.h; path = XYRWorldModel.h; sourceTree = "<group>"; };
		BA9953891BB48E7900053672 /* XYRWorldModel.m */ = {isa = PBXFileReference; fileEncoding = 4; lastKnownFileType = sourcecode.c.objc; path = XYRWorldModel.m; sourceTree = "<group>"; };
		BA99538B1BB4921F00053672 /* XYRRequestManager.h */ = {isa = PBXFileReference; fileEncoding = 4; lastKnownFileType = sourcecode.c.h; path = XYRRequestManager.h; sourceTree = "<group>"; };
		BA99538C1BB4921F00053672 /* XYRRequestManager.m */ = {isa = PBXFileReference; fileEncoding = 4; lastKnownFileType = sourcecode.c.objc; path = XYRRequestManager.m; sourceTree = "<group>"; };
/* End PBXFileReference section */

/* Begin PBXFrameworksBuildPhase section */
		BA9953661BB481DE00053672 /* Frameworks */ = {
			isa = PBXFrameworksBuildPhase;
			buildActionMask = 2147483647;
			files = (
			);
			runOnlyForDeploymentPostprocessing = 0;
		};
/* End PBXFrameworksBuildPhase section */

/* Begin PBXGroup section */
		BA9953601BB481DE00053672 = {
			isa = PBXGroup;
			children = (
				BA99536B1BB481DE00053672 /* XYRGameWorlds */,
				BA99536A1BB481DE00053672 /* Products */,
			);
			sourceTree = "<group>";
		};
		BA99536A1BB481DE00053672 /* Products */ = {
			isa = PBXGroup;
			children = (
				BA9953691BB481DE00053672 /* XYRGameWorlds.app */,
			);
			name = Products;
			sourceTree = "<group>";
		};
		BA99536B1BB481DE00053672 /* XYRGameWorlds */ = {
			isa = PBXGroup;
			children = (
				BA99536F1BB481DE00053672 /* AppDelegate.h */,
				BA9953701BB481DE00053672 /* AppDelegate.m */,
				BA9953721BB481DE00053672 /* XYRViewController.h */,
				BA9953731BB481DE00053672 /* XYRViewController.m */,
				BA9953831BB489C600053672 /* XYRGameWorldCell.h */,
				BA9953841BB489C600053672 /* XYRGameWorldCell.m */,
				BA99538B1BB4921F00053672 /* XYRRequestManager.h */,
				BA99538C1BB4921F00053672 /* XYRRequestManager.m */,
				BA9953881BB48E7900053672 /* XYRWorldModel.h */,
				BA9953891BB48E7900053672 /* XYRWorldModel.m */,
				BA9953751BB481DE00053672 /* Main.storyboard */,
				BA9953781BB481DE00053672 /* Assets.xcassets */,
				BA99537D1BB481DE00053672 /* Info.plist */,
				BA99536C1BB481DE00053672 /* Supporting Files */,
				BA9953861BB48DA700053672 /* Launch Screen.storyboard */,
			);
			path = XYRGameWorlds;
			sourceTree = "<group>";
		};
		BA99536C1BB481DE00053672 /* Supporting Files */ = {
			isa = PBXGroup;
			children = (
				BA99536D1BB481DE00053672 /* main.m */,
			);
			name = "Supporting Files";
			sourceTree = "<group>";
		};
/* End PBXGroup section */

/* Begin PBXNativeTarget section */
		BA9953681BB481DE00053672 /* XYRGameWorlds */ = {
			isa = PBXNativeTarget;
			buildConfigurationList = BA9953801BB481DE00053672 /* Build configuration list for PBXNativeTarget "XYRGameWorlds" */;
			buildPhases = (
				BA9953651BB481DE00053672 /* Sources */,
				BA9953661BB481DE00053672 /* Frameworks */,
				BA9953671BB481DE00053672 /* Resources */,
			);
			buildRules = (
			);
			dependencies = (
			);
			name = XYRGameWorlds;
			productName = XYRGameWorlds;
			productReference = BA9953691BB481DE00053672 /* XYRGameWorlds.app */;
			productType = "com.apple.product-type.application";
		};
/* End PBXNativeTarget section */

/* Begin PBXProject section */
		BA9953611BB481DE00053672 /* Project object */ = {
			isa = PBXProject;
			attributes = {
				LastUpgradeCheck = 0700;
				ORGANIZATIONNAME = "Vladislava Kirichenko";
				TargetAttributes = {
					BA9953681BB481DE00053672 = {
						CreatedOnToolsVersion = 7.0;
					};
				};
			};
			buildConfigurationList = BA9953641BB481DE00053672 /* Build configuration list for PBXProject "XYRGameWorlds" */;
			compatibilityVersion = "Xcode 3.2";
			developmentRegion = English;
			hasScannedForEncodings = 0;
			knownRegions = (
				en,
				Base,
			);
			mainGroup = BA9953601BB481DE00053672;
			productRefGroup = BA99536A1BB481DE00053672 /* Products */;
			projectDirPath = "";
			projectRoot = "";
			targets = (
				BA9953681BB481DE00053672 /* XYRGameWorlds */,
			);
		};
/* End PBXProject section */

/* Begin PBXResourcesBuildPhase section */
		BA9953671BB481DE00053672 /* Resources */ = {
			isa = PBXResourcesBuildPhase;
			buildActionMask = 2147483647;
			files = (
				BA9953871BB48DA700053672 /* Launch Screen.storyboard in Resources */,
				BA9953791BB481DE00053672 /* Assets.xcassets in Resources */,
				BA9953771BB481DE00053672 /* Main.storyboard in Resources */,
			);
			runOnlyForDeploymentPostprocessing = 0;
		};
/* End PBXResourcesBuildPhase section */

/* Begin PBXSourcesBuildPhase section */
		BA9953651BB481DE00053672 /* Sources */ = {
			isa = PBXSourcesBuildPhase;
			buildActionMask = 2147483647;
			files = (
				BA9953741BB481DE00053672 /* XYRViewController.m in Sources */,
				BA99538D1BB4921F00053672 /* XYRRequestManager.m in Sources */,
				BA99538A1BB48E7900053672 /* XYRWorldModel.m in Sources */,
				BA9953711BB481DE00053672 /* AppDelegate.m in Sources */,
				BA9953851BB489C600053672 /* XYRGameWorldCell.m in Sources */,
				BA99536E1BB481DE00053672 /* main.m in Sources */,
			);
			runOnlyForDeploymentPostprocessing = 0;
		};
/* End PBXSourcesBuildPhase section */

/* Begin PBXVariantGroup section */
		BA9953751BB481DE00053672 /* Main.storyboard */ = {
			isa = PBXVariantGroup;
			children = (
				BA9953761BB481DE00053672 /* Base */,
			);
			name = Main.storyboard;
			sourceTree = "<group>";
		};
/* End PBXVariantGroup section */

/* Begin XCBuildConfiguration section */
		BA99537E1BB481DE00053672 /* Debug */ = {
			isa = XCBuildConfiguration;
			buildSettings = {
				ALWAYS_SEARCH_USER_PATHS = NO;
				CLANG_CXX_LANGUAGE_STANDARD = "gnu++0x";
				CLANG_CXX_LIBRARY = "libc++";
				CLANG_ENABLE_MODULES = YES;
				CLANG_ENABLE_OBJC_ARC = YES;
				CLANG_WARN_BOOL_CONVERSION = YES;
				CLANG_WARN_CONSTANT_CONVERSION = YES;
				CLANG_WARN_DIRECT_OBJC_ISA_USAGE = YES_ERROR;
				CLANG_WARN_EMPTY_BODY = YES;
				CLANG_WARN_ENUM_CONVERSION = YES;
				CLANG_WARN_INT_CONVERSION = YES;
				CLANG_WARN_OBJC_ROOT_CLASS = YES_ERROR;
				CLANG_WARN_UNREACHABLE_CODE = YES;
				CLANG_WARN__DUPLICATE_METHOD_MATCH = YES;
				"CODE_SIGN_IDENTITY[sdk=iphoneos*]" = "iPhone Developer";
				COPY_PHASE_STRIP = NO;
				DEBUG_INFORMATION_FORMAT = dwarf;
				ENABLE_STRICT_OBJC_MSGSEND = YES;
				ENABLE_TESTABILITY = YES;
				GCC_C_LANGUAGE_STANDARD = gnu99;
				GCC_DYNAMIC_NO_PIC = NO;
				GCC_NO_COMMON_BLOCKS = YES;
				GCC_OPTIMIZATION_LEVEL = 0;
				GCC_PREPROCESSOR_DEFINITIONS = (
					"DEBUG=1",
					"$(inherited)",
				);
				GCC_WARN_64_TO_32_BIT_CONVERSION = YES;
				GCC_WARN_ABOUT_RETURN_TYPE = YES_ERROR;
				GCC_WARN_UNDECLARED_SELECTOR = YES;
				GCC_WARN_UNINITIALIZED_AUTOS = YES_AGGRESSIVE;
				GCC_WARN_UNUSED_FUNCTION = YES;
				GCC_WARN_UNUSED_VARIABLE = YES;
				IPHONEOS_DEPLOYMENT_TARGET = 7.1;
				MTL_ENABLE_DEBUG_INFO = YES;
				ONLY_ACTIVE_ARCH = YES;
				SDKROOT = iphoneos;
				TARGETED_DEVICE_FAMILY = "1,2";
			};
			name = Debug;
		};
		BA99537F1BB481DE00053672 /* Release */ = {
			isa = XCBuildConfiguration;
			buildSettings = {
				ALWAYS_SEARCH_USER_PATHS = NO;
				CLANG_CXX_LANGUAGE_STANDARD = "gnu++0x";
				CLANG_CXX_LIBRARY = "libc++";
				CLANG_ENABLE_MODULES = YES;
				CLANG_ENABLE_OBJC_ARC = YES;
				CLANG_WARN_BOOL_CONVERSION = YES;
				CLANG_WARN_CONSTANT_CONVERSION = YES;
				CLANG_WARN_DIRECT_OBJC_ISA_USAGE = YES_ERROR;
				CLANG_WARN_EMPTY_BODY = YES;
				CLANG_WARN_ENUM_CONVERSION = YES;
				CLANG_WARN_INT_CONVERSION = YES;
				CLANG_WARN_OBJC_ROOT_CLASS = YES_ERROR;
				CLANG_WARN_UNREACHABLE_CODE = YES;
				CLANG_WARN__DUPLICATE_METHOD_MATCH = YES;
				"CODE_SIGN_IDENTITY[sdk=iphoneos*]" = "iPhone Developer";
				COPY_PHASE_STRIP = NO;
				DEBUG_INFORMATION_FORMAT = "dwarf-with-dsym";
				ENABLE_NS_ASSERTIONS = NO;
				ENABLE_STRICT_OBJC_MSGSEND = YES;
				GCC_C_LANGUAGE_STANDARD = gnu99;
				GCC_NO_COMMON_BLOCKS = YES;
				GCC_WARN_64_TO_32_BIT_CONVERSION = YES;
				GCC_WARN_ABOUT_RETURN_TYPE = YES_ERROR;
				GCC_WARN_UNDECLARED_SELECTOR = YES;
				GCC_WARN_UNINITIALIZED_AUTOS = YES_AGGRESSIVE;
				GCC_WARN_UNUSED_FUNCTION = YES;
				GCC_WARN_UNUSED_VARIABLE = YES;
				IPHONEOS_DEPLOYMENT_TARGET = 7.1;
				MTL_ENABLE_DEBUG_INFO = NO;
				SDKROOT = iphoneos;
				TARGETED_DEVICE_FAMILY = "1,2";
				VALIDATE_PRODUCT = YES;
			};
			name = Release;
		};
		BA9953811BB481DE00053672 /* Debug */ = {
			isa = XCBuildConfiguration;
			buildSettings = {
				ASSETCATALOG_COMPILER_APPICON_NAME = AppIcon;
				INFOPLIST_FILE = XYRGameWorlds/Info.plist;
				LD_RUNPATH_SEARCH_PATHS = "$(inherited) @executable_path/Frameworks";
				PRODUCT_BUNDLE_IDENTIFIER = com.vk.XYRGameWorlds;
				PRODUCT_NAME = "$(TARGET_NAME)";
			};
			name = Debug;
		};
		BA9953821BB481DE00053672 /* Release */ = {
			isa = XCBuildConfiguration;
			buildSettings = {
				ASSETCATALOG_COMPILER_APPICON_NAME = AppIcon;
				INFOPLIST_FILE = XYRGameWorlds/Info.plist;
				LD_RUNPATH_SEARCH_PATHS = "$(inherited) @executable_path/Frameworks";
				PRODUCT_BUNDLE_IDENTIFIER = com.vk.XYRGameWorlds;
				PRODUCT_NAME = "$(TARGET_NAME)";
			};
			name = Release;
		};
/* End XCBuildConfiguration section */

/* Begin XCConfigurationList section */
		BA9953641BB481DE00053672 /* Build configuration list for PBXProject "XYRGameWorlds" */ = {
			isa = XCConfigurationList;
			buildConfigurations = (
				BA99537E1BB481DE00053672 /* Debug */,
				BA99537F1BB481DE00053672 /* Release */,
			);
			defaultConfigurationIsVisible = 0;
			defaultConfigurationName = Release;
		};
		BA9953801BB481DE00053672 /* Build configuration list for PBXNativeTarget "XYRGameWorlds" */ = {
			isa = XCConfigurationList;
			buildConfigurations = (
				BA9953811BB481DE00053672 /* Debug */,
				BA9953821BB481DE00053672 /* Release */,
			);
			defaultConfigurationIsVisible = 0;
			defaultConfigurationName = Release;
		};
/* End XCConfigurationList section */
	};
	rootObject = BA9953611BB481DE00053672 /* Project object */;
}
